<?xml version="1.0" encoding="utf-8"?>
<Project ToolsVersion="4.0" xmlns="http://schemas.microsoft.com/developer/msbuild/2003">
  <ItemGroup>
    <Filter Include="Source Files">
      <UniqueIdentifier>{4FC737F1-C7A5-4376-A066-2A32D752A2FF}</UniqueIdentifier>
      <Extensions>cpp;c;cc;cxx;c++;cppm;ixx;def;odl;idl;hpj;bat;asm;asmx</Extensions>
    </Filter>
    <Filter Include="Assets">
      <UniqueIdentifier>{b7b28301-2d74-4951-ade4-2cc35d542574}</UniqueIdentifier>
    </Filter>
  </ItemGroup>
  <ItemGroup>
    <ClCompile Include="main.cpp">
      <Filter>Source Files</Filter>
    </ClCompile>
    <ClCompile Include="impl.cpp">
      <Filter>Source Files</Filter>
    </ClCompile>
    <ClCompile Include="sprites.cpp">
      <Filter>Source Files</Filter>
    </ClCompile>
    <ClCompile Include="stringid.cpp">
      <Filter>Source Files</Filter>
    </ClCompile>
    <ClCompile Include="gamemap.cpp">
      <Filter>Source Files</Filter>
    </ClCompile>
    <ClCompile Include="draw.cpp">
      <Filter>Source Files</Filter>
    </ClCompile>
    <ClCompile Include="inputsystems.cpp">
      <Filter>Source Files</Filter>
    </ClCompile>
    <ClCompile Include="input.cpp">
      <Filter>Source Files</Filter>
    </ClCompile>
  </ItemGroup>
  <ItemGroup>
    <ClInclude Include="types.h">
      <Filter>Source Files</Filter>
    </ClInclude>
    <ClInclude Include="sprites.h">
      <Filter>Source Files</Filter>
    </ClInclude>
    <ClInclude Include="systems.h">
      <Filter>Source Files</Filter>
    </ClInclude>
    <ClInclude Include="enumflag.h">
      <Filter>Source Files</Filter>
    </ClInclude>
    <ClInclude Include="strpool.h">
      <Filter>Source Files</Filter>
    </ClInclude>
    <ClInclude Include="stringid.h">
      <Filter>Source Files</Filter>
    </ClInclude>
    <ClInclude Include="gamemap.h">
      <Filter>Source Files</Filter>
    </ClInclude>
    <ClInclude Include="draw.h">
      <Filter>Source Files</Filter>
    </ClInclude>
    <ClInclude Include="ecs.h">
      <Filter>Source Files</Filter>
    </ClInclude>
    <ClInclude Include="components.h">
      <Filter>Source Files</Filter>
    </ClInclude>
    <ClInclude Include="input.h">
      <Filter>Source Files</Filter>
    </ClInclude>
  </ItemGroup>
  <ItemGroup>
    <None Include="assets\spritesheet.tsj">
      <Filter>Assets</Filter>
    </None>
    <None Include="assets\testmap.tmj">
      <Filter>Assets</Filter>
    </None>
  </ItemGroup>
  <ItemGroup>
    <Image Include="assets\spritesheet.png">
      <Filter>Assets</Filter>
    </Image>
  </ItemGroup>
  <ItemGroup>
    <Font Include="assets\PressStart2P-Regular.ttf">
      <Filter>Assets</Filter>
    </Font>
  </ItemGroup>
</Project>