<?xml version="1.0" encoding="utf-8"?>
<Project ToolsVersion="4.0" xmlns="http://schemas.microsoft.com/developer/msbuild/2003">
  <ItemGroup>
    <Filter Include="Source Files">
      <UniqueIdentifier>{4FC737F1-C7A5-4376-A066-2A32D752A2FF}</UniqueIdentifier>
      <Extensions>cpp;c;cc;cxx;c++;cppm;ixx;def;odl;idl;hpj;bat;asm;asmx</Extensions>
    </Filter>
    <Filter Include="Assets">
      <UniqueIdentifier>{b7b28301-2d74-4951-ade4-2cc35d542574}</UniqueIdentifier>
    </Filter>
    <Filter Include="Source Files\Systems">
      <UniqueIdentifier>{aef1319a-45d6-4393-843c-d6a6aad04c9d}</UniqueIdentifier>
    </Filter>
    <Filter Include="Source Files\Systems\Game">
      <UniqueIdentifier>{b4195b9b-ae01-40ae-9996-76cde17f4ee5}</UniqueIdentifier>
    </Filter>
    <Filter Include="Source Files\Core">
      <UniqueIdentifier>{958d0515-a166-432b-9a7a-ebe0d04039cb}</UniqueIdentifier>
    </Filter>
    <Filter Include="Source Files\External">
      <UniqueIdentifier>{d960fee3-1010-468e-b0b4-00883e88ee57}</UniqueIdentifier>
    </Filter>
    <Filter Include="Source Files\Game">
      <UniqueIdentifier>{8613ca9b-26e0-415a-9816-79a8e2d318f2}</UniqueIdentifier>
    </Filter>
    <Filter Include="Source Files\Systems\Game\Input">
      <UniqueIdentifier>{dac57f6d-66cc-433d-a939-1e2a812e5d2f}</UniqueIdentifier>
    </Filter>
  </ItemGroup>
  <ItemGroup>
    <ClCompile Include="main.cpp">
      <Filter>Source Files</Filter>
    </ClCompile>
    <ClCompile Include="stringid.cpp">
      <Filter>Source Files\Core</Filter>
    </ClCompile>
    <ClCompile Include="input.cpp">
      <Filter>Source Files\Core</Filter>
    </ClCompile>
    <ClCompile Include="draw.cpp">
      <Filter>Source Files\Game</Filter>
    </ClCompile>
    <ClCompile Include="gamemap.cpp">
      <Filter>Source Files\Game</Filter>
    </ClCompile>
    <ClCompile Include="impl.cpp">
      <Filter>Source Files\Game</Filter>
    </ClCompile>
    <ClCompile Include="sprites.cpp">
      <Filter>Source Files\Game</Filter>
    </ClCompile>
    <ClCompile Include="GatherInputSystem.cpp">
      <Filter>Source Files\Systems\Game\Input</Filter>
    </ClCompile>
    <ClCompile Include="PhysicsSystems.cpp">
      <Filter>Source Files\Systems\Game</Filter>
    </ClCompile>
    <ClCompile Include="debug.cpp">
      <Filter>Source Files\Core</Filter>
    </ClCompile>
    <ClCompile Include="ControllerSystems.cpp">
      <Filter>Source Files\Systems\Game</Filter>
    </ClCompile>
    <ClCompile Include="DrawingSystems.cpp">
      <Filter>Source Files\Systems\Game</Filter>
    </ClCompile>
    <ClCompile Include="CoreSystems.cpp">
      <Filter>Source Files\Systems</Filter>
    </ClCompile>
  </ItemGroup>
  <ItemGroup>
    <ClInclude Include="strpool.h">
      <Filter>Source Files\External</Filter>
    </ClInclude>
    <ClInclude Include="sysfont.h">
      <Filter>Source Files\External</Filter>
    </ClInclude>
    <ClInclude Include="enumflag.h">
      <Filter>Source Files\Core</Filter>
    </ClInclude>
    <ClInclude Include="rnd.h">
      <Filter>Source Files\Core</Filter>
    </ClInclude>
    <ClInclude Include="stringid.h">
      <Filter>Source Files\Core</Filter>
    </ClInclude>
    <ClInclude Include="types.h">
      <Filter>Source Files\Core</Filter>
    </ClInclude>
    <ClInclude Include="ecs.h">
      <Filter>Source Files\Core</Filter>
    </ClInclude>
    <ClInclude Include="input.h">
      <Filter>Source Files\Core</Filter>
    </ClInclude>
    <ClInclude Include="random.h">
      <Filter>Source Files\Core</Filter>
    </ClInclude>
    <ClInclude Include="draw.h">
      <Filter>Source Files\Game</Filter>
    </ClInclude>
    <ClInclude Include="gamemap.h">
      <Filter>Source Files\Game</Filter>
    </ClInclude>
    <ClInclude Include="sprites.h">
      <Filter>Source Files\Game</Filter>
    </ClInclude>
    <ClInclude Include="GatherInputSystem.h">
      <Filter>Source Files\Systems\Game\Input</Filter>
    </ClInclude>
    <ClInclude Include="systems.h">
      <Filter>Source Files\Game</Filter>
    </ClInclude>
    <ClInclude Include="components.h">
      <Filter>Source Files\Game</Filter>
    </ClInclude>
    <ClInclude Include="PhysicsSystems.h">
      <Filter>Source Files\Systems\Game</Filter>
    </ClInclude>
    <ClInclude Include="debug.h">
      <Filter>Source Files\Core</Filter>
    </ClInclude>
    <ClInclude Include="bitfield.h">
      <Filter>Source Files\Core</Filter>
    </ClInclude>
    <ClInclude Include="ControllerSystems.h">
      <Filter>Source Files\Systems\Game</Filter>
    </ClInclude>
    <ClInclude Include="DrawingSystems.h">
      <Filter>Source Files\Systems\Game</Filter>
    </ClInclude>
    <ClInclude Include="CoreSystems.h">
      <Filter>Source Files\Systems</Filter>
    </ClInclude>
    <ClInclude Include="string_util.h">
      <Filter>Source Files\Core</Filter>
    </ClInclude>
  </ItemGroup>
  <ItemGroup>
    <None Include="assets\spritesheet.tsj">
      <Filter>Assets</Filter>
    </None>
    <None Include="assets\testmap.tmj">
      <Filter>Assets</Filter>
    </None>
  </ItemGroup>
  <ItemGroup>
    <Image Include="assets\spritesheet.png">
      <Filter>Assets</Filter>
    </Image>
  </ItemGroup>
  <ItemGroup>
    <Font Include="assets\PressStart2P-Regular.ttf">
      <Filter>Assets</Filter>
    </Font>
  </ItemGroup>
</Project>